
Microsoft Visual Studio Solution File, Format Version 12.00
# Visual Studio 15
VisualStudioVersion = 15.0.26730.15
MinimumVisualStudioVersion = 10.0.40219.1
Project("{FAE04EC0-301F-11D3-BF4B-00C04F79EFBC}") = "PSP.lab3.decorator", "PSP.lab3\PSP.lab3.decorator.csproj", "{0A58C2EA-75A6-4C98-987A-D296674616A2}"
EndProject
Project("{FAE04EC0-301F-11D3-BF4B-00C04F79EFBC}") = "PSP.lab3.extensionObject", "PSP.lab3.extensionObject\PSP.lab3.extensionObject.csproj", "{532AA1D4-1317-48C0-8F7E-E5AE65BBC34E}"
EndProject
Global
	GlobalSection(SolutionConfigurationPlatforms) = preSolution
		Debug|Any CPU = Debug|Any CPU
		Release|Any CPU = Release|Any CPU
	EndGlobalSection
	GlobalSection(ProjectConfigurationPlatforms) = postSolution
		{0A58C2EA-75A6-4C98-987A-D296674616A2}.Debug|Any CPU.ActiveCfg = Debug|Any CPU
		{0A58C2EA-75A6-4C98-987A-D296674616A2}.Debug|Any CPU.Build.0 = Debug|Any CPU
		{0A58C2EA-75A6-4C98-987A-D296674616A2}.Release|Any CPU.ActiveCfg = Release|Any CPU
		{0A58C2EA-75A6-4C98-987A-D296674616A2}.Release|Any CPU.Build.0 = Release|Any CPU
		{532AA1D4-1317-48C0-8F7E-E5AE65BBC34E}.Debug|Any CPU.ActiveCfg = Debug|Any CPU
		{532AA1D4-1317-48C0-8F7E-E5AE65BBC34E}.Debug|Any CPU.Build.0 = Debug|Any CPU
		{532AA1D4-1317-48C0-8F7E-E5AE65BBC34E}.Release|Any CPU.ActiveCfg = Release|Any CPU
		{532AA1D4-1317-48C0-8F7E-E5AE65BBC34E}.Release|Any CPU.Build.0 = Release|Any CPU
	EndGlobalSection
	GlobalSection(SolutionProperties) = preSolution
		HideSolutionNode = FALSE
	EndGlobalSection
	GlobalSection(ExtensibilityGlobals) = postSolution
		SolutionGuid = {A4E9630B-5F74-4321-AF33-1F2FB415C3C4}
	EndGlobalSection
EndGlobal
